// !$*UTF8*$!
{
	archiveVersion = 1;
	classes = {
	};
	objectVersion = 55;
	objects = {

/* Begin PBXBuildFile section */
		11376B95279E919B0009605E /* ModelData.swift in Sources */ = {isa = PBXBuildFile; fileRef = 11376B94279E919B0009605E /* ModelData.swift */; };
		11376B9A279E98640009605E /* LandmarkRow.swift in Sources */ = {isa = PBXBuildFile; fileRef = 11376B99279E98640009605E /* LandmarkRow.swift */; };
		11376B9C279ED4F30009605E /* LandmarkList.swift in Sources */ = {isa = PBXBuildFile; fileRef = 11376B9B279ED4F20009605E /* LandmarkList.swift */; };
		1142610C279EFC7F00D6848B /* LandmarkDetail.swift in Sources */ = {isa = PBXBuildFile; fileRef = 1142610B279EFC7F00D6848B /* LandmarkDetail.swift */; };
		1154250B279D262700AC38CA /* CircleImage.swift in Sources */ = {isa = PBXBuildFile; fileRef = 1154250A279D262700AC38CA /* CircleImage.swift */; };
		1154250D279D2CDA00AC38CA /* MapView.swift in Sources */ = {isa = PBXBuildFile; fileRef = 1154250C279D2CDA00AC38CA /* MapView.swift */; };
		1154250F279D8B0D00AC38CA /* landmarkData.json in Resources */ = {isa = PBXBuildFile; fileRef = 1154250E279D8B0D00AC38CA /* landmarkData.json */; };
		11542511279D8B5C00AC38CA /* Landmark.swift in Sources */ = {isa = PBXBuildFile; fileRef = 11542510279D8B5C00AC38CA /* Landmark.swift */; };
		1159B5FA27B2496800AA4319 /* HexagonParameters.swift in Sources */ = {isa = PBXBuildFile; fileRef = 1159B5F927B2496800AA4319 /* HexagonParameters.swift */; };
		1159B5FC27B24D9F00AA4319 /* BadgeBackground.swift in Sources */ = {isa = PBXBuildFile; fileRef = 1159B5FB27B24D9F00AA4319 /* BadgeBackground.swift */; };
		1159B5FE27B27AD200AA4319 /* BadgeSymbol.swift in Sources */ = {isa = PBXBuildFile; fileRef = 1159B5FD27B27AD200AA4319 /* BadgeSymbol.swift */; };
		1159B60027B27D9E00AA4319 /* RotatedBadgeSymbol.swift in Sources */ = {isa = PBXBuildFile; fileRef = 1159B5FF27B27D9E00AA4319 /* RotatedBadgeSymbol.swift */; };
		1159B60227B27F6100AA4319 /* Badge.swift in Sources */ = {isa = PBXBuildFile; fileRef = 1159B60127B27F6100AA4319 /* Badge.swift */; };
		1159B60527B2E60500AA4319 /* hikeData.json in Resources */ = {isa = PBXBuildFile; fileRef = 1159B60427B2E60500AA4319 /* hikeData.json */; };
		1159B60727B2E62C00AA4319 /* Hike.swift in Sources */ = {isa = PBXBuildFile; fileRef = 1159B60627B2E62C00AA4319 /* Hike.swift */; };
		1159B60D27B2E6F100AA4319 /* GraphCapsule.swift in Sources */ = {isa = PBXBuildFile; fileRef = 1159B60927B2E6F100AA4319 /* GraphCapsule.swift */; };
		1159B60E27B2E6F100AA4319 /* HikeGraph.swift in Sources */ = {isa = PBXBuildFile; fileRef = 1159B60A27B2E6F100AA4319 /* HikeGraph.swift */; };
		1159B60F27B2E6F100AA4319 /* HikeDetail.swift in Sources */ = {isa = PBXBuildFile; fileRef = 1159B60B27B2E6F100AA4319 /* HikeDetail.swift */; };
		1159B61027B2E6F100AA4319 /* HikeView.swift in Sources */ = {isa = PBXBuildFile; fileRef = 1159B60C27B2E6F100AA4319 /* HikeView.swift */; };
		11745A1A27B397AB00A0529E /* CategoryHome.swift in Sources */ = {isa = PBXBuildFile; fileRef = 11745A1927B397AB00A0529E /* CategoryHome.swift */; };
		11745A1C27B3ABB300A0529E /* CategoryRow.swift in Sources */ = {isa = PBXBuildFile; fileRef = 11745A1B27B3ABB300A0529E /* CategoryRow.swift */; };
		11745A1E27B3ADC700A0529E /* CategoryItem.swift in Sources */ = {isa = PBXBuildFile; fileRef = 11745A1D27B3ADC700A0529E /* CategoryItem.swift */; };
		11745A2027B3D29400A0529E /* Profile.swift in Sources */ = {isa = PBXBuildFile; fileRef = 11745A1F27B3D29400A0529E /* Profile.swift */; };
		11745A2327B3D4A300A0529E /* ProfileHost.swift in Sources */ = {isa = PBXBuildFile; fileRef = 11745A2227B3D4A300A0529E /* ProfileHost.swift */; };
		11745A2527B3D60900A0529E /* ProfileSummary.swift in Sources */ = {isa = PBXBuildFile; fileRef = 11745A2427B3D60900A0529E /* ProfileSummary.swift */; };
		11745A2727B3E3DC00A0529E /* HikeBadge.swift in Sources */ = {isa = PBXBuildFile; fileRef = 11745A2627B3E3DC00A0529E /* HikeBadge.swift */; };
		118730E927A7DF31000B4BA9 /* FavoriteButton.swift in Sources */ = {isa = PBXBuildFile; fileRef = 118730E827A7DF31000B4BA9 /* FavoriteButton.swift */; };
		11BF731727BE3079003FD7BC /* ProfileEditor.swift in Sources */ = {isa = PBXBuildFile; fileRef = 11BF731627BE3079003FD7BC /* ProfileEditor.swift */; };
		11DDBA2E279C6641009CD759 /* LandmarksApp.swift in Sources */ = {isa = PBXBuildFile; fileRef = 11DDBA2D279C6641009CD759 /* LandmarksApp.swift */; };
		11DDBA30279C6641009CD759 /* ContentView.swift in Sources */ = {isa = PBXBuildFile; fileRef = 11DDBA2F279C6641009CD759 /* ContentView.swift */; };
		11DDBA32279C6645009CD759 /* Assets.xcassets in Resources */ = {isa = PBXBuildFile; fileRef = 11DDBA31279C6645009CD759 /* Assets.xcassets */; };
		11DDBA35279C6645009CD759 /* Preview Assets.xcassets in Resources */ = {isa = PBXBuildFile; fileRef = 11DDBA34279C6645009CD759 /* Preview Assets.xcassets */; };
/* End PBXBuildFile section */

/* Begin PBXFileReference section */
		11376B94279E919B0009605E /* ModelData.swift */ = {isa = PBXFileReference; lastKnownFileType = sourcecode.swift; path = ModelData.swift; sourceTree = "<group>"; };
		11376B99279E98640009605E /* LandmarkRow.swift */ = {isa = PBXFileReference; lastKnownFileType = sourcecode.swift; path = LandmarkRow.swift; sourceTree = "<group>"; };
		11376B9B279ED4F20009605E /* LandmarkList.swift */ = {isa = PBXFileReference; lastKnownFileType = sourcecode.swift; path = LandmarkList.swift; sourceTree = "<group>"; };
		1142610B279EFC7F00D6848B /* LandmarkDetail.swift */ = {isa = PBXFileReference; lastKnownFileType = sourcecode.swift; path = LandmarkDetail.swift; sourceTree = "<group>"; };
		1154250A279D262700AC38CA /* CircleImage.swift */ = {isa = PBXFileReference; lastKnownFileType = sourcecode.swift; path = CircleImage.swift; sourceTree = "<group>"; };
		1154250C279D2CDA00AC38CA /* MapView.swift */ = {isa = PBXFileReference; lastKnownFileType = sourcecode.swift; path = MapView.swift; sourceTree = "<group>"; };
		1154250E279D8B0D00AC38CA /* landmarkData.json */ = {isa = PBXFileReference; fileEncoding = 4; lastKnownFileType = text.json; name = landmarkData.json; path = Landmarks/Resources/landmarkData.json; sourceTree = SOURCE_ROOT; };
		11542510279D8B5C00AC38CA /* Landmark.swift */ = {isa = PBXFileReference; lastKnownFileType = sourcecode.swift; path = Landmark.swift; sourceTree = "<group>"; };
		1159B5F927B2496800AA4319 /* HexagonParameters.swift */ = {isa = PBXFileReference; lastKnownFileType = sourcecode.swift; path = HexagonParameters.swift; sourceTree = "<group>"; };
		1159B5FB27B24D9F00AA4319 /* BadgeBackground.swift */ = {isa = PBXFileReference; lastKnownFileType = sourcecode.swift; path = BadgeBackground.swift; sourceTree = "<group>"; };
		1159B5FD27B27AD200AA4319 /* BadgeSymbol.swift */ = {isa = PBXFileReference; lastKnownFileType = sourcecode.swift; path = BadgeSymbol.swift; sourceTree = "<group>"; };
		1159B5FF27B27D9E00AA4319 /* RotatedBadgeSymbol.swift */ = {isa = PBXFileReference; lastKnownFileType = sourcecode.swift; path = RotatedBadgeSymbol.swift; sourceTree = "<group>"; };
		1159B60127B27F6100AA4319 /* Badge.swift */ = {isa = PBXFileReference; lastKnownFileType = sourcecode.swift; path = Badge.swift; sourceTree = "<group>"; };
		1159B60427B2E60500AA4319 /* hikeData.json */ = {isa = PBXFileReference; fileEncoding = 4; lastKnownFileType = text.json; path = hikeData.json; sourceTree = "<group>"; };
		1159B60627B2E62C00AA4319 /* Hike.swift */ = {isa = PBXFileReference; lastKnownFileType = sourcecode.swift; path = Hike.swift; sourceTree = "<group>"; };
		1159B60927B2E6F100AA4319 /* GraphCapsule.swift */ = {isa = PBXFileReference; fileEncoding = 4; lastKnownFileType = sourcecode.swift; path = GraphCapsule.swift; sourceTree = "<group>"; };
		1159B60A27B2E6F100AA4319 /* HikeGraph.swift */ = {isa = PBXFileReference; fileEncoding = 4; lastKnownFileType = sourcecode.swift; path = HikeGraph.swift; sourceTree = "<group>"; };
		1159B60B27B2E6F100AA4319 /* HikeDetail.swift */ = {isa = PBXFileReference; fileEncoding = 4; lastKnownFileType = sourcecode.swift; path = HikeDetail.swift; sourceTree = "<group>"; };
		1159B60C27B2E6F100AA4319 /* HikeView.swift */ = {isa = PBXFileReference; fileEncoding = 4; lastKnownFileType = sourcecode.swift; path = HikeView.swift; sourceTree = "<group>"; };
		11745A1927B397AB00A0529E /* CategoryHome.swift */ = {isa = PBXFileReference; lastKnownFileType = sourcecode.swift; path = CategoryHome.swift; sourceTree = "<group>"; };
		11745A1B27B3ABB300A0529E /* CategoryRow.swift */ = {isa = PBXFileReference; lastKnownFileType = sourcecode.swift; path = CategoryRow.swift; sourceTree = "<group>"; };
		11745A1D27B3ADC700A0529E /* CategoryItem.swift */ = {isa = PBXFileReference; lastKnownFileType = sourcecode.swift; path = CategoryItem.swift; sourceTree = "<group>"; };
		11745A1F27B3D29400A0529E /* Profile.swift */ = {isa = PBXFileReference; lastKnownFileType = sourcecode.swift; path = Profile.swift; sourceTree = "<group>"; };
		11745A2227B3D4A300A0529E /* ProfileHost.swift */ = {isa = PBXFileReference; lastKnownFileType = sourcecode.swift; path = ProfileHost.swift; sourceTree = "<group>"; };
		11745A2427B3D60900A0529E /* ProfileSummary.swift */ = {isa = PBXFileReference; lastKnownFileType = sourcecode.swift; path = ProfileSummary.swift; sourceTree = "<group>"; };
		11745A2627B3E3DC00A0529E /* HikeBadge.swift */ = {isa = PBXFileReference; lastKnownFileType = sourcecode.swift; path = HikeBadge.swift; sourceTree = "<group>"; };
		118730E827A7DF31000B4BA9 /* FavoriteButton.swift */ = {isa = PBXFileReference; lastKnownFileType = sourcecode.swift; path = FavoriteButton.swift; sourceTree = "<group>"; };
		11BF731627BE3079003FD7BC /* ProfileEditor.swift */ = {isa = PBXFileReference; lastKnownFileType = sourcecode.swift; path = ProfileEditor.swift; sourceTree = "<group>"; };
		11DDBA2A279C6641009CD759 /* Landmarks.app */ = {isa = PBXFileReference; explicitFileType = wrapper.application; includeInIndex = 0; path = Landmarks.app; sourceTree = BUILT_PRODUCTS_DIR; };
		11DDBA2D279C6641009CD759 /* LandmarksApp.swift */ = {isa = PBXFileReference; lastKnownFileType = sourcecode.swift; path = LandmarksApp.swift; sourceTree = "<group>"; };
		11DDBA2F279C6641009CD759 /* ContentView.swift */ = {isa = PBXFileReference; lastKnownFileType = sourcecode.swift; path = ContentView.swift; sourceTree = "<group>"; };
		11DDBA31279C6645009CD759 /* Assets.xcassets */ = {isa = PBXFileReference; lastKnownFileType = folder.assetcatalog; path = Assets.xcassets; sourceTree = "<group>"; };
		11DDBA34279C6645009CD759 /* Preview Assets.xcassets */ = {isa = PBXFileReference; lastKnownFileType = folder.assetcatalog; path = "Preview Assets.xcassets"; sourceTree = "<group>"; };
/* End PBXFileReference section */

/* Begin PBXFrameworksBuildPhase section */
		11DDBA27279C6641009CD759 /* Frameworks */ = {
			isa = PBXFrameworksBuildPhase;
			buildActionMask = 2147483647;
			files = (
			);
			runOnlyForDeploymentPostprocessing = 0;
		};
/* End PBXFrameworksBuildPhase section */

/* Begin PBXGroup section */
		11376B96279E97210009605E /* Model */ = {
			isa = PBXGroup;
			children = (
				11376B94279E919B0009605E /* ModelData.swift */,
				11542510279D8B5C00AC38CA /* Landmark.swift */,
				11745A1F27B3D29400A0529E /* Profile.swift */,
			);
			path = Model;
			sourceTree = "<group>";
		};
		11376B97279E972E0009605E /* Views */ = {
			isa = PBXGroup;
			children = (
				11DDBA2F279C6641009CD759 /* ContentView.swift */,
				11745A2127B3D45900A0529E /* Profiles */,
				11745A1827B396BB00A0529E /* Categories */,
				1159B60827B2E6F100AA4319 /* Hikes */,
				118730E627A7DC1D000B4BA9 /* Helpers */,
				118730E727A7DC61000B4BA9 /* Landmarks */,
			);
			path = Views;
			sourceTree = "<group>";
		};
		11376B98279E97AD0009605E /* Resources */ = {
			isa = PBXGroup;
			children = (
				1159B60427B2E60500AA4319 /* hikeData.json */,
				1154250E279D8B0D00AC38CA /* landmarkData.json */,
			);
			path = Resources;
			sourceTree = "<group>";
		};
		1159B60327B2853700AA4319 /* Badges */ = {
			isa = PBXGroup;
			children = (
				1159B60127B27F6100AA4319 /* Badge.swift */,
				1159B5FB27B24D9F00AA4319 /* BadgeBackground.swift */,
				1159B5FD27B27AD200AA4319 /* BadgeSymbol.swift */,
				1159B5FF27B27D9E00AA4319 /* RotatedBadgeSymbol.swift */,
				1159B5F927B2496800AA4319 /* HexagonParameters.swift */,
				11745A2627B3E3DC00A0529E /* HikeBadge.swift */,
			);
			path = Badges;
			sourceTree = "<group>";
		};
		1159B60827B2E6F100AA4319 /* Hikes */ = {
			isa = PBXGroup;
			children = (
				1159B60927B2E6F100AA4319 /* GraphCapsule.swift */,
				1159B60A27B2E6F100AA4319 /* HikeGraph.swift */,
				1159B60B27B2E6F100AA4319 /* HikeDetail.swift */,
				1159B60C27B2E6F100AA4319 /* HikeView.swift */,
			);
			path = Hikes;
			sourceTree = "<group>";
		};
		11745A1827B396BB00A0529E /* Categories */ = {
			isa = PBXGroup;
			children = (
				11745A1927B397AB00A0529E /* CategoryHome.swift */,
				11745A1B27B3ABB300A0529E /* CategoryRow.swift */,
				11745A1D27B3ADC700A0529E /* CategoryItem.swift */,
			);
			path = Categories;
			sourceTree = "<group>";
		};
		11745A2127B3D45900A0529E /* Profiles */ = {
			isa = PBXGroup;
			children = (
				11745A2227B3D4A300A0529E /* ProfileHost.swift */,
				11745A2427B3D60900A0529E /* ProfileSummary.swift */,
				11BF731627BE3079003FD7BC /* ProfileEditor.swift */,
			);
			path = Profiles;
			sourceTree = "<group>";
		};
		118730E627A7DC1D000B4BA9 /* Helpers */ = {
			isa = PBXGroup;
			children = (
				1154250C279D2CDA00AC38CA /* MapView.swift */,
				1154250A279D262700AC38CA /* CircleImage.swift */,
				118730E827A7DF31000B4BA9 /* FavoriteButton.swift */,
			);
			path = Helpers;
			sourceTree = "<group>";
		};
		118730E727A7DC61000B4BA9 /* Landmarks */ = {
			isa = PBXGroup;
			children = (
				11376B9B279ED4F20009605E /* LandmarkList.swift */,
				11376B99279E98640009605E /* LandmarkRow.swift */,
				1142610B279EFC7F00D6848B /* LandmarkDetail.swift */,
			);
			path = Landmarks;
			sourceTree = "<group>";
		};
		11DDBA21279C6641009CD759 = {
			isa = PBXGroup;
			children = (
				11DDBA2C279C6641009CD759 /* Landmarks */,
				11DDBA2B279C6641009CD759 /* Products */,
			);
			sourceTree = "<group>";
		};
		11DDBA2B279C6641009CD759 /* Products */ = {
			isa = PBXGroup;
			children = (
				11DDBA2A279C6641009CD759 /* Landmarks.app */,
			);
			name = Products;
			sourceTree = "<group>";
		};
		11DDBA2C279C6641009CD759 /* Landmarks */ = {
			isa = PBXGroup;
			children = (
				1159B60627B2E62C00AA4319 /* Hike.swift */,
				1159B60327B2853700AA4319 /* Badges */,
				11376B98279E97AD0009605E /* Resources */,
				11376B97279E972E0009605E /* Views */,
				11376B96279E97210009605E /* Model */,
				11DDBA2D279C6641009CD759 /* LandmarksApp.swift */,
				11DDBA31279C6645009CD759 /* Assets.xcassets */,
				11DDBA33279C6645009CD759 /* Preview Content */,
			);
			path = Landmarks;
			sourceTree = "<group>";
		};
		11DDBA33279C6645009CD759 /* Preview Content */ = {
			isa = PBXGroup;
			children = (
				11DDBA34279C6645009CD759 /* Preview Assets.xcassets */,
			);
			path = "Preview Content";
			sourceTree = "<group>";
		};
/* End PBXGroup section */

/* Begin PBXNativeTarget section */
		11DDBA29279C6641009CD759 /* Landmarks */ = {
			isa = PBXNativeTarget;
			buildConfigurationList = 11DDBA38279C6645009CD759 /* Build configuration list for PBXNativeTarget "Landmarks" */;
			buildPhases = (
				11DDBA26279C6641009CD759 /* Sources */,
				11DDBA27279C6641009CD759 /* Frameworks */,
				11DDBA28279C6641009CD759 /* Resources */,
			);
			buildRules = (
			);
			dependencies = (
			);
			name = Landmarks;
			productName = Landmarks;
			productReference = 11DDBA2A279C6641009CD759 /* Landmarks.app */;
			productType = "com.apple.product-type.application";
		};
/* End PBXNativeTarget section */

/* Begin PBXProject section */
		11DDBA22279C6641009CD759 /* Project object */ = {
			isa = PBXProject;
			attributes = {
				BuildIndependentTargetsInParallel = 1;
				LastSwiftUpdateCheck = 1320;
				LastUpgradeCheck = 1320;
				TargetAttributes = {
					11DDBA29279C6641009CD759 = {
						CreatedOnToolsVersion = 13.2.1;
					};
				};
			};
			buildConfigurationList = 11DDBA25279C6641009CD759 /* Build configuration list for PBXProject "Landmarks" */;
			compatibilityVersion = "Xcode 13.0";
			developmentRegion = en;
			hasScannedForEncodings = 0;
			knownRegions = (
				en,
				Base,
			);
			mainGroup = 11DDBA21279C6641009CD759;
			productRefGroup = 11DDBA2B279C6641009CD759 /* Products */;
			projectDirPath = "";
			projectRoot = "";
			targets = (
				11DDBA29279C6641009CD759 /* Landmarks */,
			);
		};
/* End PBXProject section */

/* Begin PBXResourcesBuildPhase section */
		11DDBA28279C6641009CD759 /* Resources */ = {
			isa = PBXResourcesBuildPhase;
			buildActionMask = 2147483647;
			files = (
				1159B60527B2E60500AA4319 /* hikeData.json in Resources */,
				11DDBA35279C6645009CD759 /* Preview Assets.xcassets in Resources */,
				11DDBA32279C6645009CD759 /* Assets.xcassets in Resources */,
				1154250F279D8B0D00AC38CA /* landmarkData.json in Resources */,
			);
			runOnlyForDeploymentPostprocessing = 0;
		};
/* End PBXResourcesBuildPhase section */

/* Begin PBXSourcesBuildPhase section */
		11DDBA26279C6641009CD759 /* Sources */ = {
			isa = PBXSourcesBuildPhase;
			buildActionMask = 2147483647;
			files = (
				11745A1C27B3ABB300A0529E /* CategoryRow.swift in Sources */,
				11745A2027B3D29400A0529E /* Profile.swift in Sources */,
				11DDBA30279C6641009CD759 /* ContentView.swift in Sources */,
				11745A1A27B397AB00A0529E /* CategoryHome.swift in Sources */,
				1159B60E27B2E6F100AA4319 /* HikeGraph.swift in Sources */,
				1159B60227B27F6100AA4319 /* Badge.swift in Sources */,
				1154250D279D2CDA00AC38CA /* MapView.swift in Sources */,
				1159B60D27B2E6F100AA4319 /* GraphCapsule.swift in Sources */,
				11DDBA2E279C6641009CD759 /* LandmarksApp.swift in Sources */,
				118730E927A7DF31000B4BA9 /* FavoriteButton.swift in Sources */,
				11745A1E27B3ADC700A0529E /* CategoryItem.swift in Sources */,
				1159B60F27B2E6F100AA4319 /* HikeDetail.swift in Sources */,
				11745A2527B3D60900A0529E /* ProfileSummary.swift in Sources */,
				1159B5FA27B2496800AA4319 /* HexagonParameters.swift in Sources */,
				11745A2327B3D4A300A0529E /* ProfileHost.swift in Sources */,
				1159B60727B2E62C00AA4319 /* Hike.swift in Sources */,
				1159B60027B27D9E00AA4319 /* RotatedBadgeSymbol.swift in Sources */,
				1159B5FE27B27AD200AA4319 /* BadgeSymbol.swift in Sources */,
				11BF731727BE3079003FD7BC /* ProfileEditor.swift in Sources */,
				11376B9C279ED4F30009605E /* LandmarkList.swift in Sources */,
				1159B61027B2E6F100AA4319 /* HikeView.swift in Sources */,
				1142610C279EFC7F00D6848B /* LandmarkDetail.swift in Sources */,
				1159B5FC27B24D9F00AA4319 /* BadgeBackground.swift in Sources */,
				11745A2727B3E3DC00A0529E /* HikeBadge.swift in Sources */,
				1154250B279D262700AC38CA /* CircleImage.swift in Sources */,
				11542511279D8B5C00AC38CA /* Landmark.swift in Sources */,
				11376B9A279E98640009605E /* LandmarkRow.swift in Sources */,
				11376B95279E919B0009605E /* ModelData.swift in Sources */,
			);
			runOnlyForDeploymentPostprocessing = 0;
		};
/* End PBXSourcesBuildPhase section */

/* Begin XCBuildConfiguration section */
		11DDBA36279C6645009CD759 /* Debug */ = {
			isa = XCBuildConfiguration;
			buildSettings = {
				ALWAYS_SEARCH_USER_PATHS = NO;
				CLANG_ANALYZER_NONNULL = YES;
				CLANG_ANALYZER_NUMBER_OBJECT_CONVERSION = YES_AGGRESSIVE;
				CLANG_CXX_LANGUAGE_STANDARD = "gnu++17";
				CLANG_CXX_LIBRARY = "libc++";
				CLANG_ENABLE_MODULES = YES;
				CLANG_ENABLE_OBJC_ARC = YES;
				CLANG_ENABLE_OBJC_WEAK = YES;
				CLANG_WARN_BLOCK_CAPTURE_AUTORELEASING = YES;
				CLANG_WARN_BOOL_CONVERSION = YES;
				CLANG_WARN_COMMA = YES;
				CLANG_WARN_CONSTANT_CONVERSION = YES;
				CLANG_WARN_DEPRECATED_OBJC_IMPLEMENTATIONS = YES;
				CLANG_WARN_DIRECT_OBJC_ISA_USAGE = YES_ERROR;
				CLANG_WARN_DOCUMENTATION_COMMENTS = YES;
				CLANG_WARN_EMPTY_BODY = YES;
				CLANG_WARN_ENUM_CONVERSION = YES;
				CLANG_WARN_INFINITE_RECURSION = YES;
				CLANG_WARN_INT_CONVERSION = YES;
				CLANG_WARN_NON_LITERAL_NULL_CONVERSION = YES;
				CLANG_WARN_OBJC_IMPLICIT_RETAIN_SELF = YES;
				CLANG_WARN_OBJC_LITERAL_CONVERSION = YES;
				CLANG_WARN_OBJC_ROOT_CLASS = YES_ERROR;
				CLANG_WARN_QUOTED_INCLUDE_IN_FRAMEWORK_HEADER = YES;
				CLANG_WARN_RANGE_LOOP_ANALYSIS = YES;
				CLANG_WARN_STRICT_PROTOTYPES = YES;
				CLANG_WARN_SUSPICIOUS_MOVE = YES;
				CLANG_WARN_UNGUARDED_AVAILABILITY = YES_AGGRESSIVE;
				CLANG_WARN_UNREACHABLE_CODE = YES;
				CLANG_WARN__DUPLICATE_METHOD_MATCH = YES;
				COPY_PHASE_STRIP = NO;
				DEBUG_INFORMATION_FORMAT = dwarf;
				ENABLE_STRICT_OBJC_MSGSEND = YES;
				ENABLE_TESTABILITY = YES;
				GCC_C_LANGUAGE_STANDARD = gnu11;
				GCC_DYNAMIC_NO_PIC = NO;
				GCC_NO_COMMON_BLOCKS = YES;
				GCC_OPTIMIZATION_LEVEL = 0;
				GCC_PREPROCESSOR_DEFINITIONS = (
					"DEBUG=1",
					"$(inherited)",
				);
				GCC_WARN_64_TO_32_BIT_CONVERSION = YES;
				GCC_WARN_ABOUT_RETURN_TYPE = YES_ERROR;
				GCC_WARN_UNDECLARED_SELECTOR = YES;
				GCC_WARN_UNINITIALIZED_AUTOS = YES_AGGRESSIVE;
				GCC_WARN_UNUSED_FUNCTION = YES;
				GCC_WARN_UNUSED_VARIABLE = YES;
				IPHONEOS_DEPLOYMENT_TARGET = 15.2;
				MTL_ENABLE_DEBUG_INFO = INCLUDE_SOURCE;
				MTL_FAST_MATH = YES;
				ONLY_ACTIVE_ARCH = YES;
				SDKROOT = iphoneos;
				SWIFT_ACTIVE_COMPILATION_CONDITIONS = DEBUG;
				SWIFT_OPTIMIZATION_LEVEL = "-Onone";
			};
			name = Debug;
		};
		11DDBA37279C6645009CD759 /* Release */ = {
			isa = XCBuildConfiguration;
			buildSettings = {
				ALWAYS_SEARCH_USER_PATHS = NO;
				CLANG_ANALYZER_NONNULL = YES;
				CLANG_ANALYZER_NUMBER_OBJECT_CONVERSION = YES_AGGRESSIVE;
				CLANG_CXX_LANGUAGE_STANDARD = "gnu++17";
				CLANG_CXX_LIBRARY = "libc++";
				CLANG_ENABLE_MODULES = YES;
				CLANG_ENABLE_OBJC_ARC = YES;
				CLANG_ENABLE_OBJC_WEAK = YES;
				CLANG_WARN_BLOCK_CAPTURE_AUTORELEASING = YES;
				CLANG_WARN_BOOL_CONVERSION = YES;
				CLANG_WARN_COMMA = YES;
				CLANG_WARN_CONSTANT_CONVERSION = YES;
				CLANG_WARN_DEPRECATED_OBJC_IMPLEMENTATIONS = YES;
				CLANG_WARN_DIRECT_OBJC_ISA_USAGE = YES_ERROR;
				CLANG_WARN_DOCUMENTATION_COMMENTS = YES;
				CLANG_WARN_EMPTY_BODY = YES;
				CLANG_WARN_ENUM_CONVERSION = YES;
				CLANG_WARN_INFINITE_RECURSION = YES;
				CLANG_WARN_INT_CONVERSION = YES;
				CLANG_WARN_NON_LITERAL_NULL_CONVERSION = YES;
				CLANG_WARN_OBJC_IMPLICIT_RETAIN_SELF = YES;
				CLANG_WARN_OBJC_LITERAL_CONVERSION = YES;
				CLANG_WARN_OBJC_ROOT_CLASS = YES_ERROR;
				CLANG_WARN_QUOTED_INCLUDE_IN_FRAMEWORK_HEADER = YES;
				CLANG_WARN_RANGE_LOOP_ANALYSIS = YES;
				CLANG_WARN_STRICT_PROTOTYPES = YES;
				CLANG_WARN_SUSPICIOUS_MOVE = YES;
				CLANG_WARN_UNGUARDED_AVAILABILITY = YES_AGGRESSIVE;
				CLANG_WARN_UNREACHABLE_CODE = YES;
				CLANG_WARN__DUPLICATE_METHOD_MATCH = YES;
				COPY_PHASE_STRIP = NO;
				DEBUG_INFORMATION_FORMAT = "dwarf-with-dsym";
				ENABLE_NS_ASSERTIONS = NO;
				ENABLE_STRICT_OBJC_MSGSEND = YES;
				GCC_C_LANGUAGE_STANDARD = gnu11;
				GCC_NO_COMMON_BLOCKS = YES;
				GCC_WARN_64_TO_32_BIT_CONVERSION = YES;
				GCC_WARN_ABOUT_RETURN_TYPE = YES_ERROR;
				GCC_WARN_UNDECLARED_SELECTOR = YES;
				GCC_WARN_UNINITIALIZED_AUTOS = YES_AGGRESSIVE;
				GCC_WARN_UNUSED_FUNCTION = YES;
				GCC_WARN_UNUSED_VARIABLE = YES;
				IPHONEOS_DEPLOYMENT_TARGET = 15.2;
				MTL_ENABLE_DEBUG_INFO = NO;
				MTL_FAST_MATH = YES;
				SDKROOT = iphoneos;
				SWIFT_COMPILATION_MODE = wholemodule;
				SWIFT_OPTIMIZATION_LEVEL = "-O";
				VALIDATE_PRODUCT = YES;
			};
			name = Release;
		};
		11DDBA39279C6645009CD759 /* Debug */ = {
			isa = XCBuildConfiguration;
			buildSettings = {
				ASSETCATALOG_COMPILER_APPICON_NAME = AppIcon;
				ASSETCATALOG_COMPILER_GLOBAL_ACCENT_COLOR_NAME = AccentColor;
				CODE_SIGN_STYLE = Automatic;
				CURRENT_PROJECT_VERSION = 1;
				DEVELOPMENT_ASSET_PATHS = "\"Landmarks/Preview Content\"";
				DEVELOPMENT_TEAM = HWG25L3MNF;
				ENABLE_PREVIEWS = YES;
				GENERATE_INFOPLIST_FILE = YES;
				INFOPLIST_KEY_UIApplicationSceneManifest_Generation = YES;
				INFOPLIST_KEY_UIApplicationSupportsIndirectInputEvents = YES;
				INFOPLIST_KEY_UILaunchScreen_Generation = YES;
				INFOPLIST_KEY_UISupportedInterfaceOrientations_iPad = "UIInterfaceOrientationPortrait UIInterfaceOrientationPortraitUpsideDown UIInterfaceOrientationLandscapeLeft UIInterfaceOrientationLandscapeRight";
				INFOPLIST_KEY_UISupportedInterfaceOrientations_iPhone = "UIInterfaceOrientationPortrait UIInterfaceOrientationLandscapeLeft UIInterfaceOrientationLandscapeRight";
				IPHONEOS_DEPLOYMENT_TARGET = 15.2;
				LD_RUNPATH_SEARCH_PATHS = (
					"$(inherited)",
					"@executable_path/Frameworks",
				);
				MARKETING_VERSION = 1.0;
				PRODUCT_BUNDLE_IDENTIFIER = com.Landmarks;
				PRODUCT_NAME = "$(TARGET_NAME)";
				SWIFT_EMIT_LOC_STRINGS = YES;
				SWIFT_VERSION = 5.0;
				TARGETED_DEVICE_FAMILY = "1,2";
			};
			name = Debug;
		};
		11DDBA3A279C6645009CD759 /* Release */ = {
			isa = XCBuildConfiguration;
			buildSettings = {
				ASSETCATALOG_COMPILER_APPICON_NAME = AppIcon;
				ASSETCATALOG_COMPILER_GLOBAL_ACCENT_COLOR_NAME = AccentColor;
				CODE_SIGN_STYLE = Automatic;
				CURRENT_PROJECT_VERSION = 1;
				DEVELOPMENT_ASSET_PATHS = "\"Landmarks/Preview Content\"";
				DEVELOPMENT_TEAM = HWG25L3MNF;
				ENABLE_PREVIEWS = YES;
				GENERATE_INFOPLIST_FILE = YES;
				INFOPLIST_KEY_UIApplicationSceneManifest_Generation = YES;
				INFOPLIST_KEY_UIApplicationSupportsIndirectInputEvents = YES;
				INFOPLIST_KEY_UILaunchScreen_Generation = YES;
				INFOPLIST_KEY_UISupportedInterfaceOrientations_iPad = "UIInterfaceOrientationPortrait UIInterfaceOrientationPortraitUpsideDown UIInterfaceOrientationLandscapeLeft UIInterfaceOrientationLandscapeRight";
				INFOPLIST_KEY_UISupportedInterfaceOrientations_iPhone = "UIInterfaceOrientationPortrait UIInterfaceOrientationLandscapeLeft UIInterfaceOrientationLandscapeRight";
				IPHONEOS_DEPLOYMENT_TARGET = 15.2;
				LD_RUNPATH_SEARCH_PATHS = (
					"$(inherited)",
					"@executable_path/Frameworks",
				);
				MARKETING_VERSION = 1.0;
				PRODUCT_BUNDLE_IDENTIFIER = com.Landmarks;
				PRODUCT_NAME = "$(TARGET_NAME)";
				SWIFT_EMIT_LOC_STRINGS = YES;
				SWIFT_VERSION = 5.0;
				TARGETED_DEVICE_FAMILY = "1,2";
			};
			name = Release;
		};
/* End XCBuildConfiguration section */

/* Begin XCConfigurationList section */
		11DDBA25279C6641009CD759 /* Build configuration list for PBXProject "Landmarks" */ = {
			isa = XCConfigurationList;
			buildConfigurations = (
				11DDBA36279C6645009CD759 /* Debug */,
				11DDBA37279C6645009CD759 /* Release */,
			);
			defaultConfigurationIsVisible = 0;
			defaultConfigurationName = Release;
		};
		11DDBA38279C6645009CD759 /* Build configuration list for PBXNativeTarget "Landmarks" */ = {
			isa = XCConfigurationList;
			buildConfigurations = (
				11DDBA39279C6645009CD759 /* Debug */,
				11DDBA3A279C6645009CD759 /* Release */,
			);
			defaultConfigurationIsVisible = 0;
			defaultConfigurationName = Release;
		};
/* End XCConfigurationList section */
	};
	rootObject = 11DDBA22279C6641009CD759 /* Project object */;
}
